# THIS IS AN AUTOGENERATED FILE. DO NOT EDIT THIS FILE DIRECTLY.
# yarn lockfile v1


fast-gbk@^0.0.1:
  version "0.0.1"
  resolved "https://registry.yarnpkg.com/fast-gbk/-/fast-gbk-0.0.1.tgz#68eb9dcd06ede66fb89ed737e55167b0cb1374ea"
  integrity sha512-s5ch0mNkCcQDF/7QancIgeed8aYoWDc07b747dPE5yB1kysQ4TUxHExfw7Jv+RrasMr1EoJnBjshOmu96ms72Q==
